
Microsoft Visual Studio Solution File, Format Version 12.00
# Visual Studio 2013
VisualStudioVersion = 12.0.31101.0
MinimumVisualStudioVersion = 10.0.40219.1
Project("{FAE04EC0-301F-11D3-BF4B-00C04F79EFBC}") = "QuilixTestTask", "QuilixTestTask\QuilixTestTask.csproj", "{6AC371C7-7E3F-4B53-907D-8530404069A1}"
EndProject
Project("{FAE04EC0-301F-11D3-BF4B-00C04F79EFBC}") = "QuilixTestTaskApplicationData", "QuilixTestTaskApplicationData\QuilixTestTaskApplicationData.csproj", "{8841C1E8-AA5E-4CA3-BADA-5D84AA2E8923}"
EndProject
Global
	GlobalSection(SolutionConfigurationPlatforms) = preSolution
		Debug|Any CPU = Debug|Any CPU
		Release|Any CPU = Release|Any CPU
	EndGlobalSection
	GlobalSection(ProjectConfigurationPlatforms) = postSolution
		{6AC371C7-7E3F-4B53-907D-8530404069A1}.Debug|Any CPU.ActiveCfg = Debug|Any CPU
		{6AC371C7-7E3F-4B53-907D-8530404069A1}.Debug|Any CPU.Build.0 = Debug|Any CPU
		{6AC371C7-7E3F-4B53-907D-8530404069A1}.Release|Any CPU.ActiveCfg = Release|Any CPU
		{6AC371C7-7E3F-4B53-907D-8530404069A1}.Release|Any CPU.Build.0 = Release|Any CPU
		{8841C1E8-AA5E-4CA3-BADA-5D84AA2E8923}.Debug|Any CPU.ActiveCfg = Debug|Any CPU
		{8841C1E8-AA5E-4CA3-BADA-5D84AA2E8923}.Debug|Any CPU.Build.0 = Debug|Any CPU
		{8841C1E8-AA5E-4CA3-BADA-5D84AA2E8923}.Release|Any CPU.ActiveCfg = Release|Any CPU
		{8841C1E8-AA5E-4CA3-BADA-5D84AA2E8923}.Release|Any CPU.Build.0 = Release|Any CPU
	EndGlobalSection
	GlobalSection(SolutionProperties) = preSolution
		HideSolutionNode = FALSE
	EndGlobalSection
EndGlobal
